// !$*UTF8*$!
{
	archiveVersion = 1;
	classes = {
	};
	objectVersion = 56;
	objects = {

/* Begin PBXBuildFile section */
		710AE5F12A6BBB4B007B6FF5 /* String+Extension.swift in Sources */ = {isa = PBXBuildFile; fileRef = 710AE5F02A6BBB4B007B6FF5 /* String+Extension.swift */; };
		710AE5F32A6BC0AA007B6FF5 /* CardView.swift in Sources */ = {isa = PBXBuildFile; fileRef = 710AE5F22A6BC0AA007B6FF5 /* CardView.swift */; };
		710AE5F82A6BD355007B6FF5 /* DishCollectionViewCell.swift in Sources */ = {isa = PBXBuildFile; fileRef = 710AE5F62A6BD355007B6FF5 /* DishCollectionViewCell.swift */; };
		710AE5F92A6BD355007B6FF5 /* DishCollectionViewCell.xib in Resources */ = {isa = PBXBuildFile; fileRef = 710AE5F72A6BD355007B6FF5 /* DishCollectionViewCell.xib */; };
		710AE5FB2A6BD578007B6FF5 /* Dish.swift in Sources */ = {isa = PBXBuildFile; fileRef = 710AE5FA2A6BD578007B6FF5 /* Dish.swift */; };
		710AE5FF2A6C1B6B007B6FF5 /* DishLandscapeCollectionViewCell.swift in Sources */ = {isa = PBXBuildFile; fileRef = 710AE5FD2A6C1B6B007B6FF5 /* DishLandscapeCollectionViewCell.swift */; };
		710AE6002A6C1B6B007B6FF5 /* DishLandscapeCollectionViewCell.xib in Resources */ = {isa = PBXBuildFile; fileRef = 710AE5FE2A6C1B6B007B6FF5 /* DishLandscapeCollectionViewCell.xib */; };
		710AE6032A6C33E9007B6FF5 /* DishDetailViewController.swift in Sources */ = {isa = PBXBuildFile; fileRef = 710AE6022A6C33E9007B6FF5 /* DishDetailViewController.swift */; };
		710AE6052A6C3615007B6FF5 /* UIViewController+Extension.swift in Sources */ = {isa = PBXBuildFile; fileRef = 710AE6042A6C3615007B6FF5 /* UIViewController+Extension.swift */; };
		710AE60A2A6C3BEE007B6FF5 /* DishListTableViewCell.swift in Sources */ = {isa = PBXBuildFile; fileRef = 710AE6082A6C3BEE007B6FF5 /* DishListTableViewCell.swift */; };
		710AE60B2A6C3BEE007B6FF5 /* DishListTableViewCell.xib in Resources */ = {isa = PBXBuildFile; fileRef = 710AE6092A6C3BEE007B6FF5 /* DishListTableViewCell.xib */; };
		710AE60E2A6C3FC2007B6FF5 /* ListDishesViewController.swift in Sources */ = {isa = PBXBuildFile; fileRef = 710AE60D2A6C3FC2007B6FF5 /* ListDishesViewController.swift */; };
		710AE6112A6C4431007B6FF5 /* ListOrdersViewController.swift in Sources */ = {isa = PBXBuildFile; fileRef = 710AE6102A6C4431007B6FF5 /* ListOrdersViewController.swift */; };
		710AE6132A6C4580007B6FF5 /* Order.swift in Sources */ = {isa = PBXBuildFile; fileRef = 710AE6122A6C4580007B6FF5 /* Order.swift */; };
		710AE6172A6D3432007B6FF5 /* NetworkManager.swift in Sources */ = {isa = PBXBuildFile; fileRef = 710AE6162A6D3432007B6FF5 /* NetworkManager.swift */; };
		710AE6192A6D34E2007B6FF5 /* Route.swift in Sources */ = {isa = PBXBuildFile; fileRef = 710AE6182A6D34E2007B6FF5 /* Route.swift */; };
		710AE61B2A6D358D007B6FF5 /* Method.swift in Sources */ = {isa = PBXBuildFile; fileRef = 710AE61A2A6D358D007B6FF5 /* Method.swift */; };
		710AE61D2A6D4155007B6FF5 /* AppError.swift in Sources */ = {isa = PBXBuildFile; fileRef = 710AE61C2A6D4155007B6FF5 /* AppError.swift */; };
		710AE61F2A6D4AF0007B6FF5 /* ApiResponse.swift in Sources */ = {isa = PBXBuildFile; fileRef = 710AE61E2A6D4AF0007B6FF5 /* ApiResponse.swift */; };
		710AE6212A6D5EC7007B6FF5 /* AllDishes.swift in Sources */ = {isa = PBXBuildFile; fileRef = 710AE6202A6D5EC7007B6FF5 /* AllDishes.swift */; };
		710AE6252A6DCCF3007B6FF5 /* UserDefaults+Extension.swift in Sources */ = {isa = PBXBuildFile; fileRef = 710AE6242A6DCCF3007B6FF5 /* UserDefaults+Extension.swift */; };
		7149BD9B2A6A5E7C00A36A0E /* AppDelegate.swift in Sources */ = {isa = PBXBuildFile; fileRef = 7149BD9A2A6A5E7C00A36A0E /* AppDelegate.swift */; };
		7149BD9D2A6A5E7C00A36A0E /* SceneDelegate.swift in Sources */ = {isa = PBXBuildFile; fileRef = 7149BD9C2A6A5E7C00A36A0E /* SceneDelegate.swift */; };
		7149BDA22A6A5E7C00A36A0E /* Main.storyboard in Resources */ = {isa = PBXBuildFile; fileRef = 7149BDA02A6A5E7C00A36A0E /* Main.storyboard */; };
		7149BDA42A6A5E7D00A36A0E /* Assets.xcassets in Resources */ = {isa = PBXBuildFile; fileRef = 7149BDA32A6A5E7D00A36A0E /* Assets.xcassets */; };
		7149BDA72A6A5E7D00A36A0E /* LaunchScreen.storyboard in Resources */ = {isa = PBXBuildFile; fileRef = 7149BDA52A6A5E7D00A36A0E /* LaunchScreen.storyboard */; };
		7149BDB42A6A634A00A36A0E /* OnboardingViewController.swift in Sources */ = {isa = PBXBuildFile; fileRef = 7149BDB32A6A634A00A36A0E /* OnboardingViewController.swift */; };
		7149BDB72A6A673000A36A0E /* UIView+Extension.swift in Sources */ = {isa = PBXBuildFile; fileRef = 7149BDB62A6A673000A36A0E /* UIView+Extension.swift */; };
		7149BDB92A6A68B900A36A0E /* OnboardingSlide.swift in Sources */ = {isa = PBXBuildFile; fileRef = 7149BDB82A6A68B900A36A0E /* OnboardingSlide.swift */; };
		7149BDBB2A6A6C7300A36A0E /* OnboardingCollectionViewCell.swift in Sources */ = {isa = PBXBuildFile; fileRef = 7149BDBA2A6A6C7300A36A0E /* OnboardingCollectionViewCell.swift */; };
		7149BDBE2A6BAC7A00A36A0E /* HomeViewController.swift in Sources */ = {isa = PBXBuildFile; fileRef = 7149BDBD2A6BAC7A00A36A0E /* HomeViewController.swift */; };
		7149BDC52A6BB48600A36A0E /* CategoryCollectionViewCell.swift in Sources */ = {isa = PBXBuildFile; fileRef = 7149BDC32A6BB48600A36A0E /* CategoryCollectionViewCell.swift */; };
		7149BDC62A6BB48600A36A0E /* CategoryCollectionViewCell.xib in Resources */ = {isa = PBXBuildFile; fileRef = 7149BDC42A6BB48600A36A0E /* CategoryCollectionViewCell.xib */; };
		7149BDC82A6BB68200A36A0E /* DishCategory.swift in Sources */ = {isa = PBXBuildFile; fileRef = 7149BDC72A6BB68200A36A0E /* DishCategory.swift */; };
		DDEDB41B7E2069B0F20EDEC5 /* Pods_FoodApp.framework in Frameworks */ = {isa = PBXBuildFile; fileRef = F6C95DCC37D81CD9C65AA7EE /* Pods_FoodApp.framework */; };
/* End PBXBuildFile section */

/* Begin PBXFileReference section */
		31F36C2C4CD499A35F5E2797 /* Pods-FoodApp.debug.xcconfig */ = {isa = PBXFileReference; includeInIndex = 1; lastKnownFileType = text.xcconfig; name = "Pods-FoodApp.debug.xcconfig"; path = "Target Support Files/Pods-FoodApp/Pods-FoodApp.debug.xcconfig"; sourceTree = "<group>"; };
		710AE5F02A6BBB4B007B6FF5 /* String+Extension.swift */ = {isa = PBXFileReference; lastKnownFileType = sourcecode.swift; path = "String+Extension.swift"; sourceTree = "<group>"; };
		710AE5F22A6BC0AA007B6FF5 /* CardView.swift */ = {isa = PBXFileReference; lastKnownFileType = sourcecode.swift; path = CardView.swift; sourceTree = "<group>"; };
		710AE5F62A6BD355007B6FF5 /* DishCollectionViewCell.swift */ = {isa = PBXFileReference; lastKnownFileType = sourcecode.swift; path = DishCollectionViewCell.swift; sourceTree = "<group>"; };
		710AE5F72A6BD355007B6FF5 /* DishCollectionViewCell.xib */ = {isa = PBXFileReference; lastKnownFileType = file.xib; path = DishCollectionViewCell.xib; sourceTree = "<group>"; };
		710AE5FA2A6BD578007B6FF5 /* Dish.swift */ = {isa = PBXFileReference; lastKnownFileType = sourcecode.swift; path = Dish.swift; sourceTree = "<group>"; };
		710AE5FD2A6C1B6B007B6FF5 /* DishLandscapeCollectionViewCell.swift */ = {isa = PBXFileReference; lastKnownFileType = sourcecode.swift; path = DishLandscapeCollectionViewCell.swift; sourceTree = "<group>"; };
		710AE5FE2A6C1B6B007B6FF5 /* DishLandscapeCollectionViewCell.xib */ = {isa = PBXFileReference; lastKnownFileType = file.xib; path = DishLandscapeCollectionViewCell.xib; sourceTree = "<group>"; };
		710AE6022A6C33E9007B6FF5 /* DishDetailViewController.swift */ = {isa = PBXFileReference; lastKnownFileType = sourcecode.swift; path = DishDetailViewController.swift; sourceTree = "<group>"; };
		710AE6042A6C3615007B6FF5 /* UIViewController+Extension.swift */ = {isa = PBXFileReference; lastKnownFileType = sourcecode.swift; path = "UIViewController+Extension.swift"; sourceTree = "<group>"; };
		710AE6082A6C3BEE007B6FF5 /* DishListTableViewCell.swift */ = {isa = PBXFileReference; lastKnownFileType = sourcecode.swift; path = DishListTableViewCell.swift; sourceTree = "<group>"; };
		710AE6092A6C3BEE007B6FF5 /* DishListTableViewCell.xib */ = {isa = PBXFileReference; lastKnownFileType = file.xib; path = DishListTableViewCell.xib; sourceTree = "<group>"; };
		710AE60D2A6C3FC2007B6FF5 /* ListDishesViewController.swift */ = {isa = PBXFileReference; lastKnownFileType = sourcecode.swift; path = ListDishesViewController.swift; sourceTree = "<group>"; };
		710AE6102A6C4431007B6FF5 /* ListOrdersViewController.swift */ = {isa = PBXFileReference; lastKnownFileType = sourcecode.swift; path = ListOrdersViewController.swift; sourceTree = "<group>"; };
		710AE6122A6C4580007B6FF5 /* Order.swift */ = {isa = PBXFileReference; lastKnownFileType = sourcecode.swift; path = Order.swift; sourceTree = "<group>"; };
		710AE6162A6D3432007B6FF5 /* NetworkManager.swift */ = {isa = PBXFileReference; lastKnownFileType = sourcecode.swift; path = NetworkManager.swift; sourceTree = "<group>"; };
		710AE6182A6D34E2007B6FF5 /* Route.swift */ = {isa = PBXFileReference; lastKnownFileType = sourcecode.swift; path = Route.swift; sourceTree = "<group>"; };
		710AE61A2A6D358D007B6FF5 /* Method.swift */ = {isa = PBXFileReference; lastKnownFileType = sourcecode.swift; path = Method.swift; sourceTree = "<group>"; };
		710AE61C2A6D4155007B6FF5 /* AppError.swift */ = {isa = PBXFileReference; lastKnownFileType = sourcecode.swift; path = AppError.swift; sourceTree = "<group>"; };
		710AE61E2A6D4AF0007B6FF5 /* ApiResponse.swift */ = {isa = PBXFileReference; lastKnownFileType = sourcecode.swift; path = ApiResponse.swift; sourceTree = "<group>"; };
		710AE6202A6D5EC7007B6FF5 /* AllDishes.swift */ = {isa = PBXFileReference; lastKnownFileType = sourcecode.swift; path = AllDishes.swift; sourceTree = "<group>"; };
		710AE6242A6DCCF3007B6FF5 /* UserDefaults+Extension.swift */ = {isa = PBXFileReference; lastKnownFileType = sourcecode.swift; path = "UserDefaults+Extension.swift"; sourceTree = "<group>"; };
		7149BD972A6A5E7C00A36A0E /* FoodApp.app */ = {isa = PBXFileReference; explicitFileType = wrapper.application; includeInIndex = 0; path = FoodApp.app; sourceTree = BUILT_PRODUCTS_DIR; };
		7149BD9A2A6A5E7C00A36A0E /* AppDelegate.swift */ = {isa = PBXFileReference; lastKnownFileType = sourcecode.swift; path = AppDelegate.swift; sourceTree = "<group>"; };
		7149BD9C2A6A5E7C00A36A0E /* SceneDelegate.swift */ = {isa = PBXFileReference; lastKnownFileType = sourcecode.swift; path = SceneDelegate.swift; sourceTree = "<group>"; };
		7149BDA12A6A5E7C00A36A0E /* Base */ = {isa = PBXFileReference; lastKnownFileType = file.storyboard; name = Base; path = Base.lproj/Main.storyboard; sourceTree = "<group>"; };
		7149BDA32A6A5E7D00A36A0E /* Assets.xcassets */ = {isa = PBXFileReference; lastKnownFileType = folder.assetcatalog; path = Assets.xcassets; sourceTree = "<group>"; };
		7149BDA62A6A5E7D00A36A0E /* Base */ = {isa = PBXFileReference; lastKnownFileType = file.storyboard; name = Base; path = Base.lproj/LaunchScreen.storyboard; sourceTree = "<group>"; };
		7149BDA82A6A5E7D00A36A0E /* Info.plist */ = {isa = PBXFileReference; lastKnownFileType = text.plist.xml; path = Info.plist; sourceTree = "<group>"; };
		7149BDB32A6A634A00A36A0E /* OnboardingViewController.swift */ = {isa = PBXFileReference; lastKnownFileType = sourcecode.swift; path = OnboardingViewController.swift; sourceTree = "<group>"; };
		7149BDB62A6A673000A36A0E /* UIView+Extension.swift */ = {isa = PBXFileReference; lastKnownFileType = sourcecode.swift; path = "UIView+Extension.swift"; sourceTree = "<group>"; };
		7149BDB82A6A68B900A36A0E /* OnboardingSlide.swift */ = {isa = PBXFileReference; lastKnownFileType = sourcecode.swift; path = OnboardingSlide.swift; sourceTree = "<group>"; };
		7149BDBA2A6A6C7300A36A0E /* OnboardingCollectionViewCell.swift */ = {isa = PBXFileReference; lastKnownFileType = sourcecode.swift; path = OnboardingCollectionViewCell.swift; sourceTree = "<group>"; };
		7149BDBD2A6BAC7A00A36A0E /* HomeViewController.swift */ = {isa = PBXFileReference; lastKnownFileType = sourcecode.swift; path = HomeViewController.swift; sourceTree = "<group>"; };
		7149BDC32A6BB48600A36A0E /* CategoryCollectionViewCell.swift */ = {isa = PBXFileReference; lastKnownFileType = sourcecode.swift; path = CategoryCollectionViewCell.swift; sourceTree = "<group>"; };
		7149BDC42A6BB48600A36A0E /* CategoryCollectionViewCell.xib */ = {isa = PBXFileReference; lastKnownFileType = file.xib; path = CategoryCollectionViewCell.xib; sourceTree = "<group>"; };
		7149BDC72A6BB68200A36A0E /* DishCategory.swift */ = {isa = PBXFileReference; lastKnownFileType = sourcecode.swift; path = DishCategory.swift; sourceTree = "<group>"; };
		92AF6EA2A3ABB32D86B368F6 /* Pods-FoodApp.release.xcconfig */ = {isa = PBXFileReference; includeInIndex = 1; lastKnownFileType = text.xcconfig; name = "Pods-FoodApp.release.xcconfig"; path = "Target Support Files/Pods-FoodApp/Pods-FoodApp.release.xcconfig"; sourceTree = "<group>"; };
		F6C95DCC37D81CD9C65AA7EE /* Pods_FoodApp.framework */ = {isa = PBXFileReference; explicitFileType = wrapper.framework; includeInIndex = 0; path = Pods_FoodApp.framework; sourceTree = BUILT_PRODUCTS_DIR; };
/* End PBXFileReference section */

/* Begin PBXFrameworksBuildPhase section */
		7149BD942A6A5E7C00A36A0E /* Frameworks */ = {
			isa = PBXFrameworksBuildPhase;
			buildActionMask = 2147483647;
			files = (
				DDEDB41B7E2069B0F20EDEC5 /* Pods_FoodApp.framework in Frameworks */,
			);
			runOnlyForDeploymentPostprocessing = 0;
		};
/* End PBXFrameworksBuildPhase section */

/* Begin PBXGroup section */
		398BFF95BF9882C5792DE754 /* Frameworks */ = {
			isa = PBXGroup;
			children = (
				F6C95DCC37D81CD9C65AA7EE /* Pods_FoodApp.framework */,
			);
			name = Frameworks;
			sourceTree = "<group>";
		};
		710AE5F42A6BC0B6007B6FF5 /* CardView */ = {
			isa = PBXGroup;
			children = (
				710AE5F22A6BC0AA007B6FF5 /* CardView.swift */,
			);
			path = CardView;
			sourceTree = "<group>";
		};
		710AE5F52A6BD323007B6FF5 /* DishCollectionViewCell */ = {
			isa = PBXGroup;
			children = (
				710AE5F62A6BD355007B6FF5 /* DishCollectionViewCell.swift */,
				710AE5F72A6BD355007B6FF5 /* DishCollectionViewCell.xib */,
			);
			path = DishCollectionViewCell;
			sourceTree = "<group>";
		};
		710AE5FC2A6C1B35007B6FF5 /* DishLandscapeCollectionViewCell */ = {
			isa = PBXGroup;
			children = (
				710AE5FD2A6C1B6B007B6FF5 /* DishLandscapeCollectionViewCell.swift */,
				710AE5FE2A6C1B6B007B6FF5 /* DishLandscapeCollectionViewCell.xib */,
			);
			path = DishLandscapeCollectionViewCell;
			sourceTree = "<group>";
		};
		710AE6012A6C33A1007B6FF5 /* DishDetail */ = {
			isa = PBXGroup;
			children = (
				710AE6022A6C33E9007B6FF5 /* DishDetailViewController.swift */,
			);
			path = DishDetail;
			sourceTree = "<group>";
		};
		710AE6062A6C3B7F007B6FF5 /* TableViewCells */ = {
			isa = PBXGroup;
			children = (
				710AE6072A6C3BB5007B6FF5 /* DishListTableViewCell */,
			);
			path = TableViewCells;
			sourceTree = "<group>";
		};
		710AE6072A6C3BB5007B6FF5 /* DishListTableViewCell */ = {
			isa = PBXGroup;
			children = (
				710AE6082A6C3BEE007B6FF5 /* DishListTableViewCell.swift */,
				710AE6092A6C3BEE007B6FF5 /* DishListTableViewCell.xib */,
			);
			path = DishListTableViewCell;
			sourceTree = "<group>";
		};
		710AE60C2A6C3F9C007B6FF5 /* ListDishes */ = {
			isa = PBXGroup;
			children = (
				710AE60D2A6C3FC2007B6FF5 /* ListDishesViewController.swift */,
			);
			path = ListDishes;
			sourceTree = "<group>";
		};
		710AE60F2A6C440D007B6FF5 /* ListOrders */ = {
			isa = PBXGroup;
			children = (
				710AE6102A6C4431007B6FF5 /* ListOrdersViewController.swift */,
			);
			path = ListOrders;
			sourceTree = "<group>";
		};
		710AE6152A6D33FF007B6FF5 /* Networking */ = {
			isa = PBXGroup;
			children = (
				710AE6162A6D3432007B6FF5 /* NetworkManager.swift */,
				710AE6182A6D34E2007B6FF5 /* Route.swift */,
				710AE61A2A6D358D007B6FF5 /* Method.swift */,
				710AE61C2A6D4155007B6FF5 /* AppError.swift */,
				710AE61E2A6D4AF0007B6FF5 /* ApiResponse.swift */,
			);
			path = Networking;
			sourceTree = "<group>";
		};
		710AE6262A6DD1D6007B6FF5 /* Resources */ = {
			isa = PBXGroup;
			children = (
				7149BD9A2A6A5E7C00A36A0E /* AppDelegate.swift */,
				7149BD9C2A6A5E7C00A36A0E /* SceneDelegate.swift */,
			);
			path = Resources;
			sourceTree = "<group>";
		};
		7149BD8E2A6A5E7C00A36A0E = {
			isa = PBXGroup;
			children = (
				7149BD992A6A5E7C00A36A0E /* FoodApp */,
				7149BD982A6A5E7C00A36A0E /* Products */,
				BD8F91AC5C4443F105C3343D /* Pods */,
				398BFF95BF9882C5792DE754 /* Frameworks */,
			);
			sourceTree = "<group>";
		};
		7149BD982A6A5E7C00A36A0E /* Products */ = {
			isa = PBXGroup;
			children = (
				7149BD972A6A5E7C00A36A0E /* FoodApp.app */,
			);
			name = Products;
			sourceTree = "<group>";
		};
		7149BD992A6A5E7C00A36A0E /* FoodApp */ = {
			isa = PBXGroup;
			children = (
				710AE6262A6DD1D6007B6FF5 /* Resources */,
				710AE6152A6D33FF007B6FF5 /* Networking */,
				7149BDB52A6A669400A36A0E /* Extensions */,
				7149BDBF2A6BB3D100A36A0E /* CustomViews */,
				7149BDAF2A6A62BE00A36A0E /* Views */,
				7149BDAE2A6A62AA00A36A0E /* Modals */,
				7149BDA02A6A5E7C00A36A0E /* Main.storyboard */,
				7149BDA52A6A5E7D00A36A0E /* LaunchScreen.storyboard */,
				7149BDA32A6A5E7D00A36A0E /* Assets.xcassets */,
				7149BDA82A6A5E7D00A36A0E /* Info.plist */,
			);
			path = FoodApp;
			sourceTree = "<group>";
		};
		7149BDAE2A6A62AA00A36A0E /* Modals */ = {
			isa = PBXGroup;
			children = (
				7149BDB82A6A68B900A36A0E /* OnboardingSlide.swift */,
				7149BDC72A6BB68200A36A0E /* DishCategory.swift */,
				710AE5FA2A6BD578007B6FF5 /* Dish.swift */,
				710AE6122A6C4580007B6FF5 /* Order.swift */,
				710AE6202A6D5EC7007B6FF5 /* AllDishes.swift */,
			);
			path = Modals;
			sourceTree = "<group>";
		};
		7149BDAF2A6A62BE00A36A0E /* Views */ = {
			isa = PBXGroup;
			children = (
				710AE60F2A6C440D007B6FF5 /* ListOrders */,
				710AE60C2A6C3F9C007B6FF5 /* ListDishes */,
				710AE6012A6C33A1007B6FF5 /* DishDetail */,
				7149BDBC2A6BAC5900A36A0E /* Home */,
				7149BDB02A6A62D500A36A0E /* Onboarding */,
			);
			path = Views;
			sourceTree = "<group>";
		};
		7149BDB02A6A62D500A36A0E /* Onboarding */ = {
			isa = PBXGroup;
			children = (
				7149BDB32A6A634A00A36A0E /* OnboardingViewController.swift */,
				7149BDBA2A6A6C7300A36A0E /* OnboardingCollectionViewCell.swift */,
			);
			path = Onboarding;
			sourceTree = "<group>";
		};
		7149BDB52A6A669400A36A0E /* Extensions */ = {
			isa = PBXGroup;
			children = (
				7149BDB62A6A673000A36A0E /* UIView+Extension.swift */,
				710AE5F02A6BBB4B007B6FF5 /* String+Extension.swift */,
				710AE6042A6C3615007B6FF5 /* UIViewController+Extension.swift */,
				710AE6242A6DCCF3007B6FF5 /* UserDefaults+Extension.swift */,
			);
			path = Extensions;
			sourceTree = "<group>";
		};
		7149BDBC2A6BAC5900A36A0E /* Home */ = {
			isa = PBXGroup;
			children = (
				7149BDBD2A6BAC7A00A36A0E /* HomeViewController.swift */,
			);
			path = Home;
			sourceTree = "<group>";
		};
		7149BDBF2A6BB3D100A36A0E /* CustomViews */ = {
			isa = PBXGroup;
			children = (
				710AE6062A6C3B7F007B6FF5 /* TableViewCells */,
				710AE5F42A6BC0B6007B6FF5 /* CardView */,
				7149BDC02A6BB3FB00A36A0E /* CollentionViewCells */,
			);
			path = CustomViews;
			sourceTree = "<group>";
		};
		7149BDC02A6BB3FB00A36A0E /* CollentionViewCells */ = {
			isa = PBXGroup;
			children = (
				710AE5FC2A6C1B35007B6FF5 /* DishLandscapeCollectionViewCell */,
				710AE5F52A6BD323007B6FF5 /* DishCollectionViewCell */,
				7149BDC22A6BB44300A36A0E /* CategoryCollectionViewCell */,
			);
			path = CollentionViewCells;
			sourceTree = "<group>";
		};
		7149BDC22A6BB44300A36A0E /* CategoryCollectionViewCell */ = {
			isa = PBXGroup;
			children = (
				7149BDC32A6BB48600A36A0E /* CategoryCollectionViewCell.swift */,
				7149BDC42A6BB48600A36A0E /* CategoryCollectionViewCell.xib */,
			);
			path = CategoryCollectionViewCell;
			sourceTree = "<group>";
		};
		BD8F91AC5C4443F105C3343D /* Pods */ = {
			isa = PBXGroup;
			children = (
				31F36C2C4CD499A35F5E2797 /* Pods-FoodApp.debug.xcconfig */,
				92AF6EA2A3ABB32D86B368F6 /* Pods-FoodApp.release.xcconfig */,
			);
			path = Pods;
			sourceTree = "<group>";
		};
/* End PBXGroup section */

/* Begin PBXNativeTarget section */
		7149BD962A6A5E7C00A36A0E /* FoodApp */ = {
			isa = PBXNativeTarget;
			buildConfigurationList = 7149BDAB2A6A5E7D00A36A0E /* Build configuration list for PBXNativeTarget "FoodApp" */;
			buildPhases = (
				400216832724B168A4814292 /* [CP] Check Pods Manifest.lock */,
				7149BD932A6A5E7C00A36A0E /* Sources */,
				7149BD942A6A5E7C00A36A0E /* Frameworks */,
				7149BD952A6A5E7C00A36A0E /* Resources */,
				1FE3E8006D1DAF84319F9A3C /* [CP] Embed Pods Frameworks */,
			);
			buildRules = (
			);
			dependencies = (
			);
			name = FoodApp;
			productName = FoodApp;
			productReference = 7149BD972A6A5E7C00A36A0E /* FoodApp.app */;
			productType = "com.apple.product-type.application";
		};
/* End PBXNativeTarget section */

/* Begin PBXProject section */
		7149BD8F2A6A5E7C00A36A0E /* Project object */ = {
			isa = PBXProject;
			attributes = {
				BuildIndependentTargetsInParallel = 1;
				LastSwiftUpdateCheck = 1430;
				LastUpgradeCheck = 1430;
				TargetAttributes = {
					7149BD962A6A5E7C00A36A0E = {
						CreatedOnToolsVersion = 14.3.1;
					};
				};
			};
			buildConfigurationList = 7149BD922A6A5E7C00A36A0E /* Build configuration list for PBXProject "FoodApp" */;
			compatibilityVersion = "Xcode 14.0";
			developmentRegion = en;
			hasScannedForEncodings = 0;
			knownRegions = (
				en,
				Base,
			);
			mainGroup = 7149BD8E2A6A5E7C00A36A0E;
			productRefGroup = 7149BD982A6A5E7C00A36A0E /* Products */;
			projectDirPath = "";
			projectRoot = "";
			targets = (
				7149BD962A6A5E7C00A36A0E /* FoodApp */,
			);
		};
/* End PBXProject section */

/* Begin PBXResourcesBuildPhase section */
		7149BD952A6A5E7C00A36A0E /* Resources */ = {
			isa = PBXResourcesBuildPhase;
			buildActionMask = 2147483647;
			files = (
				7149BDC62A6BB48600A36A0E /* CategoryCollectionViewCell.xib in Resources */,
				710AE60B2A6C3BEE007B6FF5 /* DishListTableViewCell.xib in Resources */,
				7149BDA72A6A5E7D00A36A0E /* LaunchScreen.storyboard in Resources */,
				7149BDA42A6A5E7D00A36A0E /* Assets.xcassets in Resources */,
				7149BDA22A6A5E7C00A36A0E /* Main.storyboard in Resources */,
				710AE6002A6C1B6B007B6FF5 /* DishLandscapeCollectionViewCell.xib in Resources */,
				710AE5F92A6BD355007B6FF5 /* DishCollectionViewCell.xib in Resources */,
			);
			runOnlyForDeploymentPostprocessing = 0;
		};
/* End PBXResourcesBuildPhase section */

/* Begin PBXShellScriptBuildPhase section */
		1FE3E8006D1DAF84319F9A3C /* [CP] Embed Pods Frameworks */ = {
			isa = PBXShellScriptBuildPhase;
			buildActionMask = 2147483647;
			files = (
			);
			inputFileListPaths = (
				"${PODS_ROOT}/Target Support Files/Pods-FoodApp/Pods-FoodApp-frameworks-${CONFIGURATION}-input-files.xcfilelist",
			);
			name = "[CP] Embed Pods Frameworks";
			outputFileListPaths = (
				"${PODS_ROOT}/Target Support Files/Pods-FoodApp/Pods-FoodApp-frameworks-${CONFIGURATION}-output-files.xcfilelist",
			);
			runOnlyForDeploymentPostprocessing = 0;
			shellPath = /bin/sh;
			shellScript = "\"${PODS_ROOT}/Target Support Files/Pods-FoodApp/Pods-FoodApp-frameworks.sh\"\n";
			showEnvVarsInLog = 0;
		};
		400216832724B168A4814292 /* [CP] Check Pods Manifest.lock */ = {
			isa = PBXShellScriptBuildPhase;
			buildActionMask = 2147483647;
			files = (
			);
			inputFileListPaths = (
			);
			inputPaths = (
				"${PODS_PODFILE_DIR_PATH}/Podfile.lock",
				"${PODS_ROOT}/Manifest.lock",
			);
			name = "[CP] Check Pods Manifest.lock";
			outputFileListPaths = (
			);
			outputPaths = (
				"$(DERIVED_FILE_DIR)/Pods-FoodApp-checkManifestLockResult.txt",
			);
			runOnlyForDeploymentPostprocessing = 0;
			shellPath = /bin/sh;
			shellScript = "diff \"${PODS_PODFILE_DIR_PATH}/Podfile.lock\" \"${PODS_ROOT}/Manifest.lock\" > /dev/null\nif [ $? != 0 ] ; then\n    # print error to STDERR\n    echo \"error: The sandbox is not in sync with the Podfile.lock. Run 'pod install' or update your CocoaPods installation.\" >&2\n    exit 1\nfi\n# This output is used by Xcode 'outputs' to avoid re-running this script phase.\necho \"SUCCESS\" > \"${SCRIPT_OUTPUT_FILE_0}\"\n";
			showEnvVarsInLog = 0;
		};
/* End PBXShellScriptBuildPhase section */

/* Begin PBXSourcesBuildPhase section */
		7149BD932A6A5E7C00A36A0E /* Sources */ = {
			isa = PBXSourcesBuildPhase;
			buildActionMask = 2147483647;
			files = (
				710AE60A2A6C3BEE007B6FF5 /* DishListTableViewCell.swift in Sources */,
				710AE6112A6C4431007B6FF5 /* ListOrdersViewController.swift in Sources */,
				710AE6132A6C4580007B6FF5 /* Order.swift in Sources */,
				710AE6172A6D3432007B6FF5 /* NetworkManager.swift in Sources */,
				710AE6052A6C3615007B6FF5 /* UIViewController+Extension.swift in Sources */,
				7149BDC52A6BB48600A36A0E /* CategoryCollectionViewCell.swift in Sources */,
				7149BDB92A6A68B900A36A0E /* OnboardingSlide.swift in Sources */,
				710AE6212A6D5EC7007B6FF5 /* AllDishes.swift in Sources */,
				7149BD9B2A6A5E7C00A36A0E /* AppDelegate.swift in Sources */,
				710AE61B2A6D358D007B6FF5 /* Method.swift in Sources */,
				7149BD9D2A6A5E7C00A36A0E /* SceneDelegate.swift in Sources */,
				7149BDB72A6A673000A36A0E /* UIView+Extension.swift in Sources */,
				7149BDB42A6A634A00A36A0E /* OnboardingViewController.swift in Sources */,
				710AE6032A6C33E9007B6FF5 /* DishDetailViewController.swift in Sources */,
				710AE61F2A6D4AF0007B6FF5 /* ApiResponse.swift in Sources */,
				7149BDBE2A6BAC7A00A36A0E /* HomeViewController.swift in Sources */,
				710AE6192A6D34E2007B6FF5 /* Route.swift in Sources */,
				7149BDC82A6BB68200A36A0E /* DishCategory.swift in Sources */,
				710AE5FF2A6C1B6B007B6FF5 /* DishLandscapeCollectionViewCell.swift in Sources */,
				710AE5F12A6BBB4B007B6FF5 /* String+Extension.swift in Sources */,
				710AE5F32A6BC0AA007B6FF5 /* CardView.swift in Sources */,
				710AE60E2A6C3FC2007B6FF5 /* ListDishesViewController.swift in Sources */,
				710AE61D2A6D4155007B6FF5 /* AppError.swift in Sources */,
				710AE5F82A6BD355007B6FF5 /* DishCollectionViewCell.swift in Sources */,
				710AE5FB2A6BD578007B6FF5 /* Dish.swift in Sources */,
				710AE6252A6DCCF3007B6FF5 /* UserDefaults+Extension.swift in Sources */,
				7149BDBB2A6A6C7300A36A0E /* OnboardingCollectionViewCell.swift in Sources */,
			);
			runOnlyForDeploymentPostprocessing = 0;
		};
/* End PBXSourcesBuildPhase section */

/* Begin PBXVariantGroup section */
		7149BDA02A6A5E7C00A36A0E /* Main.storyboard */ = {
			isa = PBXVariantGroup;
			children = (
				7149BDA12A6A5E7C00A36A0E /* Base */,
			);
			name = Main.storyboard;
			sourceTree = "<group>";
		};
		7149BDA52A6A5E7D00A36A0E /* LaunchScreen.storyboard */ = {
			isa = PBXVariantGroup;
			children = (
				7149BDA62A6A5E7D00A36A0E /* Base */,
			);
			name = LaunchScreen.storyboard;
			sourceTree = "<group>";
		};
/* End PBXVariantGroup section */

/* Begin XCBuildConfiguration section */
		7149BDA92A6A5E7D00A36A0E /* Debug */ = {
			isa = XCBuildConfiguration;
			buildSettings = {
				ALWAYS_SEARCH_USER_PATHS = NO;
				CLANG_ANALYZER_NONNULL = YES;
				CLANG_ANALYZER_NUMBER_OBJECT_CONVERSION = YES_AGGRESSIVE;
				CLANG_CXX_LANGUAGE_STANDARD = "gnu++20";
				CLANG_ENABLE_MODULES = YES;
				CLANG_ENABLE_OBJC_ARC = YES;
				CLANG_ENABLE_OBJC_WEAK = YES;
				CLANG_WARN_BLOCK_CAPTURE_AUTORELEASING = YES;
				CLANG_WARN_BOOL_CONVERSION = YES;
				CLANG_WARN_COMMA = YES;
				CLANG_WARN_CONSTANT_CONVERSION = YES;
				CLANG_WARN_DEPRECATED_OBJC_IMPLEMENTATIONS = YES;
				CLANG_WARN_DIRECT_OBJC_ISA_USAGE = YES_ERROR;
				CLANG_WARN_DOCUMENTATION_COMMENTS = YES;
				CLANG_WARN_EMPTY_BODY = YES;
				CLANG_WARN_ENUM_CONVERSION = YES;
				CLANG_WARN_INFINITE_RECURSION = YES;
				CLANG_WARN_INT_CONVERSION = YES;
				CLANG_WARN_NON_LITERAL_NULL_CONVERSION = YES;
				CLANG_WARN_OBJC_IMPLICIT_RETAIN_SELF = YES;
				CLANG_WARN_OBJC_LITERAL_CONVERSION = YES;
				CLANG_WARN_OBJC_ROOT_CLASS = YES_ERROR;
				CLANG_WARN_QUOTED_INCLUDE_IN_FRAMEWORK_HEADER = YES;
				CLANG_WARN_RANGE_LOOP_ANALYSIS = YES;
				CLANG_WARN_STRICT_PROTOTYPES = YES;
				CLANG_WARN_SUSPICIOUS_MOVE = YES;
				CLANG_WARN_UNGUARDED_AVAILABILITY = YES_AGGRESSIVE;
				CLANG_WARN_UNREACHABLE_CODE = YES;
				CLANG_WARN__DUPLICATE_METHOD_MATCH = YES;
				COPY_PHASE_STRIP = NO;
				DEBUG_INFORMATION_FORMAT = dwarf;
				ENABLE_STRICT_OBJC_MSGSEND = YES;
				ENABLE_TESTABILITY = YES;
				GCC_C_LANGUAGE_STANDARD = gnu11;
				GCC_DYNAMIC_NO_PIC = NO;
				GCC_NO_COMMON_BLOCKS = YES;
				GCC_OPTIMIZATION_LEVEL = 0;
				GCC_PREPROCESSOR_DEFINITIONS = (
					"DEBUG=1",
					"$(inherited)",
				);
				GCC_WARN_64_TO_32_BIT_CONVERSION = YES;
				GCC_WARN_ABOUT_RETURN_TYPE = YES_ERROR;
				GCC_WARN_UNDECLARED_SELECTOR = YES;
				GCC_WARN_UNINITIALIZED_AUTOS = YES_AGGRESSIVE;
				GCC_WARN_UNUSED_FUNCTION = YES;
				GCC_WARN_UNUSED_VARIABLE = YES;
				IPHONEOS_DEPLOYMENT_TARGET = 16.4;
				MTL_ENABLE_DEBUG_INFO = INCLUDE_SOURCE;
				MTL_FAST_MATH = YES;
				ONLY_ACTIVE_ARCH = YES;
				SDKROOT = iphoneos;
				SWIFT_ACTIVE_COMPILATION_CONDITIONS = DEBUG;
				SWIFT_OPTIMIZATION_LEVEL = "-Onone";
			};
			name = Debug;
		};
		7149BDAA2A6A5E7D00A36A0E /* Release */ = {
			isa = XCBuildConfiguration;
			buildSettings = {
				ALWAYS_SEARCH_USER_PATHS = NO;
				CLANG_ANALYZER_NONNULL = YES;
				CLANG_ANALYZER_NUMBER_OBJECT_CONVERSION = YES_AGGRESSIVE;
				CLANG_CXX_LANGUAGE_STANDARD = "gnu++20";
				CLANG_ENABLE_MODULES = YES;
				CLANG_ENABLE_OBJC_ARC = YES;
				CLANG_ENABLE_OBJC_WEAK = YES;
				CLANG_WARN_BLOCK_CAPTURE_AUTORELEASING = YES;
				CLANG_WARN_BOOL_CONVERSION = YES;
				CLANG_WARN_COMMA = YES;
				CLANG_WARN_CONSTANT_CONVERSION = YES;
				CLANG_WARN_DEPRECATED_OBJC_IMPLEMENTATIONS = YES;
				CLANG_WARN_DIRECT_OBJC_ISA_USAGE = YES_ERROR;
				CLANG_WARN_DOCUMENTATION_COMMENTS = YES;
				CLANG_WARN_EMPTY_BODY = YES;
				CLANG_WARN_ENUM_CONVERSION = YES;
				CLANG_WARN_INFINITE_RECURSION = YES;
				CLANG_WARN_INT_CONVERSION = YES;
				CLANG_WARN_NON_LITERAL_NULL_CONVERSION = YES;
				CLANG_WARN_OBJC_IMPLICIT_RETAIN_SELF = YES;
				CLANG_WARN_OBJC_LITERAL_CONVERSION = YES;
				CLANG_WARN_OBJC_ROOT_CLASS = YES_ERROR;
				CLANG_WARN_QUOTED_INCLUDE_IN_FRAMEWORK_HEADER = YES;
				CLANG_WARN_RANGE_LOOP_ANALYSIS = YES;
				CLANG_WARN_STRICT_PROTOTYPES = YES;
				CLANG_WARN_SUSPICIOUS_MOVE = YES;
				CLANG_WARN_UNGUARDED_AVAILABILITY = YES_AGGRESSIVE;
				CLANG_WARN_UNREACHABLE_CODE = YES;
				CLANG_WARN__DUPLICATE_METHOD_MATCH = YES;
				COPY_PHASE_STRIP = NO;
				DEBUG_INFORMATION_FORMAT = "dwarf-with-dsym";
				ENABLE_NS_ASSERTIONS = NO;
				ENABLE_STRICT_OBJC_MSGSEND = YES;
				GCC_C_LANGUAGE_STANDARD = gnu11;
				GCC_NO_COMMON_BLOCKS = YES;
				GCC_WARN_64_TO_32_BIT_CONVERSION = YES;
				GCC_WARN_ABOUT_RETURN_TYPE = YES_ERROR;
				GCC_WARN_UNDECLARED_SELECTOR = YES;
				GCC_WARN_UNINITIALIZED_AUTOS = YES_AGGRESSIVE;
				GCC_WARN_UNUSED_FUNCTION = YES;
				GCC_WARN_UNUSED_VARIABLE = YES;
				IPHONEOS_DEPLOYMENT_TARGET = 16.4;
				MTL_ENABLE_DEBUG_INFO = NO;
				MTL_FAST_MATH = YES;
				SDKROOT = iphoneos;
				SWIFT_COMPILATION_MODE = wholemodule;
				SWIFT_OPTIMIZATION_LEVEL = "-O";
				VALIDATE_PRODUCT = YES;
			};
			name = Release;
		};
		7149BDAC2A6A5E7D00A36A0E /* Debug */ = {
			isa = XCBuildConfiguration;
			baseConfigurationReference = 31F36C2C4CD499A35F5E2797 /* Pods-FoodApp.debug.xcconfig */;
			buildSettings = {
				ASSETCATALOG_COMPILER_APPICON_NAME = AppIcon;
				ASSETCATALOG_COMPILER_GLOBAL_ACCENT_COLOR_NAME = AccentColor;
				CODE_SIGN_STYLE = Automatic;
				CURRENT_PROJECT_VERSION = 1;
				GENERATE_INFOPLIST_FILE = YES;
				INFOPLIST_FILE = FoodApp/Info.plist;
				INFOPLIST_KEY_UIApplicationSupportsIndirectInputEvents = YES;
				INFOPLIST_KEY_UILaunchStoryboardName = LaunchScreen;
				INFOPLIST_KEY_UIMainStoryboardFile = Main;
				INFOPLIST_KEY_UISupportedInterfaceOrientations_iPad = "UIInterfaceOrientationPortrait UIInterfaceOrientationPortraitUpsideDown UIInterfaceOrientationLandscapeLeft UIInterfaceOrientationLandscapeRight";
				INFOPLIST_KEY_UISupportedInterfaceOrientations_iPhone = "UIInterfaceOrientationPortrait UIInterfaceOrientationLandscapeLeft UIInterfaceOrientationLandscapeRight";
				LD_RUNPATH_SEARCH_PATHS = (
					"$(inherited)",
					"@executable_path/Frameworks",
				);
				MARKETING_VERSION = 1.0;
				PRODUCT_BUNDLE_IDENTIFIER = com.utkuguzel.FoodApp;
				PRODUCT_NAME = "$(TARGET_NAME)";
				SWIFT_EMIT_LOC_STRINGS = YES;
				SWIFT_VERSION = 5.0;
				TARGETED_DEVICE_FAMILY = "1,2";
			};
			name = Debug;
		};
		7149BDAD2A6A5E7D00A36A0E /* Release */ = {
			isa = XCBuildConfiguration;
			baseConfigurationReference = 92AF6EA2A3ABB32D86B368F6 /* Pods-FoodApp.release.xcconfig */;
			buildSettings = {
				ASSETCATALOG_COMPILER_APPICON_NAME = AppIcon;
				ASSETCATALOG_COMPILER_GLOBAL_ACCENT_COLOR_NAME = AccentColor;
				CODE_SIGN_STYLE = Automatic;
				CURRENT_PROJECT_VERSION = 1;
				GENERATE_INFOPLIST_FILE = YES;
				INFOPLIST_FILE = FoodApp/Info.plist;
				INFOPLIST_KEY_UIApplicationSupportsIndirectInputEvents = YES;
				INFOPLIST_KEY_UILaunchStoryboardName = LaunchScreen;
				INFOPLIST_KEY_UIMainStoryboardFile = Main;
				INFOPLIST_KEY_UISupportedInterfaceOrientations_iPad = "UIInterfaceOrientationPortrait UIInterfaceOrientationPortraitUpsideDown UIInterfaceOrientationLandscapeLeft UIInterfaceOrientationLandscapeRight";
				INFOPLIST_KEY_UISupportedInterfaceOrientations_iPhone = "UIInterfaceOrientationPortrait UIInterfaceOrientationLandscapeLeft UIInterfaceOrientationLandscapeRight";
				LD_RUNPATH_SEARCH_PATHS = (
					"$(inherited)",
					"@executable_path/Frameworks",
				);
				MARKETING_VERSION = 1.0;
				PRODUCT_BUNDLE_IDENTIFIER = com.utkuguzel.FoodApp;
				PRODUCT_NAME = "$(TARGET_NAME)";
				SWIFT_EMIT_LOC_STRINGS = YES;
				SWIFT_VERSION = 5.0;
				TARGETED_DEVICE_FAMILY = "1,2";
			};
			name = Release;
		};
/* End XCBuildConfiguration section */

/* Begin XCConfigurationList section */
		7149BD922A6A5E7C00A36A0E /* Build configuration list for PBXProject "FoodApp" */ = {
			isa = XCConfigurationList;
			buildConfigurations = (
				7149BDA92A6A5E7D00A36A0E /* Debug */,
				7149BDAA2A6A5E7D00A36A0E /* Release */,
			);
			defaultConfigurationIsVisible = 0;
			defaultConfigurationName = Release;
		};
		7149BDAB2A6A5E7D00A36A0E /* Build configuration list for PBXNativeTarget "FoodApp" */ = {
			isa = XCConfigurationList;
			buildConfigurations = (
				7149BDAC2A6A5E7D00A36A0E /* Debug */,
				7149BDAD2A6A5E7D00A36A0E /* Release */,
			);
			defaultConfigurationIsVisible = 0;
			defaultConfigurationName = Release;
		};
/* End XCConfigurationList section */
	};
	rootObject = 7149BD8F2A6A5E7C00A36A0E /* Project object */;
}
